
Microsoft Visual Studio Solution File, Format Version 12.00
# Visual Studio Version 17
VisualStudioVersion = 17.3.32825.248
MinimumVisualStudioVersion = 10.0.40219.1
Project("{2150E333-8FDC-42A3-9474-1A3956D46DE8}") = "targets", "targets", "{B3447C3C-7D17-4F84-891C-4C74562451F3}"
EndProject
Project("{9A19103F-16F7-4668-BE54-9A1E7A4F7556}") = "DamatMobileCore", "DamatMobileCore\DamatMobileCore.csproj", "{004C2D1C-4290-4F1D-9660-C62EC16E1A12}"
EndProject
Project("{FAE04EC0-301F-11D3-BF4B-00C04F79EFBC}") = "DamatMobile.UI", "DamatMobile\DamatMobile.UI\DamatMobile.UI.csproj", "{3458841D-B841-478E-A0FF-637231D30686}"
EndProject
Project("{FAE04EC0-301F-11D3-BF4B-00C04F79EFBC}") = "DamatMobile.Droid", "DamatMobile\DamatMobile.Droid\DamatMobile.Droid.csproj", "{67068461-246E-498D-A691-991EE1068585}"
EndProject
Project("{FAE04EC0-301F-11D3-BF4B-00C04F79EFBC}") = "DamatMobile.iOS", "DamatMobile\DamatMobile.iOS\DamatMobile.iOS.csproj", "{6ADDA31E-9029-42CE-9629-694175E8B075}"
EndProject
Global
	GlobalSection(SolutionConfigurationPlatforms) = preSolution
		Ad-Hoc|Any CPU = Ad-Hoc|Any CPU
		Ad-Hoc|iPhone = Ad-Hoc|iPhone
		Ad-Hoc|iPhoneSimulator = Ad-Hoc|iPhoneSimulator
		AppStore|Any CPU = AppStore|Any CPU
		AppStore|iPhone = AppStore|iPhone
		AppStore|iPhoneSimulator = AppStore|iPhoneSimulator
		Debug|Any CPU = Debug|Any CPU
		Debug|iPhone = Debug|iPhone
		Debug|iPhoneSimulator = Debug|iPhoneSimulator
		Release|Any CPU = Release|Any CPU
		Release|iPhone = Release|iPhone
		Release|iPhoneSimulator = Release|iPhoneSimulator
	EndGlobalSection
	GlobalSection(ProjectConfigurationPlatforms) = postSolution
		{004C2D1C-4290-4F1D-9660-C62EC16E1A12}.Ad-Hoc|Any CPU.ActiveCfg = Release|Any CPU
		{004C2D1C-4290-4F1D-9660-C62EC16E1A12}.Ad-Hoc|Any CPU.Build.0 = Release|Any CPU
		{004C2D1C-4290-4F1D-9660-C62EC16E1A12}.Ad-Hoc|iPhone.ActiveCfg = Release|Any CPU
		{004C2D1C-4290-4F1D-9660-C62EC16E1A12}.Ad-Hoc|iPhone.Build.0 = Release|Any CPU
		{004C2D1C-4290-4F1D-9660-C62EC16E1A12}.Ad-Hoc|iPhoneSimulator.ActiveCfg = Release|Any CPU
		{004C2D1C-4290-4F1D-9660-C62EC16E1A12}.Ad-Hoc|iPhoneSimulator.Build.0 = Release|Any CPU
		{004C2D1C-4290-4F1D-9660-C62EC16E1A12}.AppStore|Any CPU.ActiveCfg = Release|Any CPU
		{004C2D1C-4290-4F1D-9660-C62EC16E1A12}.AppStore|Any CPU.Build.0 = Release|Any CPU
		{004C2D1C-4290-4F1D-9660-C62EC16E1A12}.AppStore|iPhone.ActiveCfg = Release|Any CPU
		{004C2D1C-4290-4F1D-9660-C62EC16E1A12}.AppStore|iPhone.Build.0 = Release|Any CPU
		{004C2D1C-4290-4F1D-9660-C62EC16E1A12}.AppStore|iPhoneSimulator.ActiveCfg = Release|Any CPU
		{004C2D1C-4290-4F1D-9660-C62EC16E1A12}.AppStore|iPhoneSimulator.Build.0 = Release|Any CPU
		{004C2D1C-4290-4F1D-9660-C62EC16E1A12}.Debug|Any CPU.ActiveCfg = Debug|Any CPU
		{004C2D1C-4290-4F1D-9660-C62EC16E1A12}.Debug|Any CPU.Build.0 = Debug|Any CPU
		{004C2D1C-4290-4F1D-9660-C62EC16E1A12}.Debug|Any CPU.Deploy.0 = Debug|Any CPU
		{004C2D1C-4290-4F1D-9660-C62EC16E1A12}.Debug|iPhone.ActiveCfg = Debug|Any CPU
		{004C2D1C-4290-4F1D-9660-C62EC16E1A12}.Debug|iPhone.Build.0 = Debug|Any CPU
		{004C2D1C-4290-4F1D-9660-C62EC16E1A12}.Debug|iPhoneSimulator.ActiveCfg = Debug|Any CPU
		{004C2D1C-4290-4F1D-9660-C62EC16E1A12}.Debug|iPhoneSimulator.Build.0 = Debug|Any CPU
		{004C2D1C-4290-4F1D-9660-C62EC16E1A12}.Release|Any CPU.ActiveCfg = Release|Any CPU
		{004C2D1C-4290-4F1D-9660-C62EC16E1A12}.Release|Any CPU.Build.0 = Release|Any CPU
		{004C2D1C-4290-4F1D-9660-C62EC16E1A12}.Release|iPhone.ActiveCfg = Release|Any CPU
		{004C2D1C-4290-4F1D-9660-C62EC16E1A12}.Release|iPhone.Build.0 = Release|Any CPU
		{004C2D1C-4290-4F1D-9660-C62EC16E1A12}.Release|iPhoneSimulator.ActiveCfg = Release|Any CPU
		{004C2D1C-4290-4F1D-9660-C62EC16E1A12}.Release|iPhoneSimulator.Build.0 = Release|Any CPU
		{3458841D-B841-478E-A0FF-637231D30686}.Ad-Hoc|Any CPU.ActiveCfg = Debug|Any CPU
		{3458841D-B841-478E-A0FF-637231D30686}.Ad-Hoc|Any CPU.Build.0 = Debug|Any CPU
		{3458841D-B841-478E-A0FF-637231D30686}.Ad-Hoc|iPhone.ActiveCfg = Debug|Any CPU
		{3458841D-B841-478E-A0FF-637231D30686}.Ad-Hoc|iPhone.Build.0 = Debug|Any CPU
		{3458841D-B841-478E-A0FF-637231D30686}.Ad-Hoc|iPhoneSimulator.ActiveCfg = Debug|Any CPU
		{3458841D-B841-478E-A0FF-637231D30686}.Ad-Hoc|iPhoneSimulator.Build.0 = Debug|Any CPU
		{3458841D-B841-478E-A0FF-637231D30686}.AppStore|Any CPU.ActiveCfg = Debug|Any CPU
		{3458841D-B841-478E-A0FF-637231D30686}.AppStore|Any CPU.Build.0 = Debug|Any CPU
		{3458841D-B841-478E-A0FF-637231D30686}.AppStore|iPhone.ActiveCfg = Debug|Any CPU
		{3458841D-B841-478E-A0FF-637231D30686}.AppStore|iPhone.Build.0 = Debug|Any CPU
		{3458841D-B841-478E-A0FF-637231D30686}.AppStore|iPhoneSimulator.ActiveCfg = Debug|Any CPU
		{3458841D-B841-478E-A0FF-637231D30686}.AppStore|iPhoneSimulator.Build.0 = Debug|Any CPU
		{3458841D-B841-478E-A0FF-637231D30686}.Debug|Any CPU.ActiveCfg = Debug|Any CPU
		{3458841D-B841-478E-A0FF-637231D30686}.Debug|Any CPU.Build.0 = Debug|Any CPU
		{3458841D-B841-478E-A0FF-637231D30686}.Debug|iPhone.ActiveCfg = Debug|Any CPU
		{3458841D-B841-478E-A0FF-637231D30686}.Debug|iPhone.Build.0 = Debug|Any CPU
		{3458841D-B841-478E-A0FF-637231D30686}.Debug|iPhoneSimulator.ActiveCfg = Debug|Any CPU
		{3458841D-B841-478E-A0FF-637231D30686}.Debug|iPhoneSimulator.Build.0 = Debug|Any CPU
		{3458841D-B841-478E-A0FF-637231D30686}.Release|Any CPU.ActiveCfg = Release|Any CPU
		{3458841D-B841-478E-A0FF-637231D30686}.Release|Any CPU.Build.0 = Release|Any CPU
		{3458841D-B841-478E-A0FF-637231D30686}.Release|iPhone.ActiveCfg = Release|Any CPU
		{3458841D-B841-478E-A0FF-637231D30686}.Release|iPhone.Build.0 = Release|Any CPU
		{3458841D-B841-478E-A0FF-637231D30686}.Release|iPhoneSimulator.ActiveCfg = Release|Any CPU
		{3458841D-B841-478E-A0FF-637231D30686}.Release|iPhoneSimulator.Build.0 = Release|Any CPU
	EndGlobalSection
	GlobalSection(SolutionProperties) = preSolution
		HideSolutionNode = FALSE
	EndGlobalSection
	GlobalSection(NestedProjects) = preSolution
		{67068461-246E-498D-A691-991EE1068585} = {B3447C3C-7D17-4F84-891C-4C74562451F3}
		{6ADDA31E-9029-42CE-9629-694175E8B075} = {B3447C3C-7D17-4F84-891C-4C74562451F3}
	EndGlobalSection
	GlobalSection(ExtensibilityGlobals) = postSolution
		SolutionGuid = {411E5947-653A-4287-80B2-834B5FA8E900}
	EndGlobalSection
EndGlobal
